
Microsoft Visual Studio Solution File, Format Version 12.00
# Visual Studio 15
VisualStudioVersion = 15.0.28307.1433
MinimumVisualStudioVersion = 10.0.40219.1
Project("{FAE04EC0-301F-11D3-BF4B-00C04F79EFBC}") = "LMSProject.UI.MVC", "LMSProject.UI.MVC\LMSProject.UI.MVC.csproj", "{C68DB4F5-F380-48BF-BF49-9F685AC1FFA2}"
EndProject
Project("{FAE04EC0-301F-11D3-BF4B-00C04F79EFBC}") = "LMSProject.DATA.EF", "LMSProject.DATA.EF\LMSProject.DATA.EF.csproj", "{84F44F41-FB62-4410-8A88-AD9322DB4EE5}"
EndProject
Global
	GlobalSection(SolutionConfigurationPlatforms) = preSolution
		Debug|Any CPU = Debug|Any CPU
		Release|Any CPU = Release|Any CPU
	EndGlobalSection
	GlobalSection(ProjectConfigurationPlatforms) = postSolution
		{C68DB4F5-F380-48BF-BF49-9F685AC1FFA2}.Debug|Any CPU.ActiveCfg = Debug|Any CPU
		{C68DB4F5-F380-48BF-BF49-9F685AC1FFA2}.Debug|Any CPU.Build.0 = Debug|Any CPU
		{C68DB4F5-F380-48BF-BF49-9F685AC1FFA2}.Release|Any CPU.ActiveCfg = Release|Any CPU
		{C68DB4F5-F380-48BF-BF49-9F685AC1FFA2}.Release|Any CPU.Build.0 = Release|Any CPU
		{84F44F41-FB62-4410-8A88-AD9322DB4EE5}.Debug|Any CPU.ActiveCfg = Debug|Any CPU
		{84F44F41-FB62-4410-8A88-AD9322DB4EE5}.Debug|Any CPU.Build.0 = Debug|Any CPU
		{84F44F41-FB62-4410-8A88-AD9322DB4EE5}.Release|Any CPU.ActiveCfg = Release|Any CPU
		{84F44F41-FB62-4410-8A88-AD9322DB4EE5}.Release|Any CPU.Build.0 = Release|Any CPU
	EndGlobalSection
	GlobalSection(SolutionProperties) = preSolution
		HideSolutionNode = FALSE
	EndGlobalSection
	GlobalSection(ExtensibilityGlobals) = postSolution
		SolutionGuid = {D550B0E0-09A2-40E1-A5C4-69392CA013D1}
	EndGlobalSection
EndGlobal
